
# cargo-vet imports lock

[[unpublished.gorgondb]]
version = "0.0.2"
audited_as = "0.0.1"

[[unpublished.medusadb]]
version = "0.0.2"
audited_as = "0.0.1"

[[publisher.aho-corasick]]
version = "1.1.2"
when = "2023-10-09"
user-id = 189
user-login = "BurntSushi"
user-name = "Andrew Gallant"

[[publisher.anstream]]
version = "0.6.5"
when = "2023-12-08"
user-id = 6743
user-login = "epage"
user-name = "Ed Page"

[[publisher.anstyle]]
version = "1.0.4"
when = "2023-09-28"
user-id = 6743
user-login = "epage"
user-name = "Ed Page"

[[publisher.anstyle-parse]]
version = "0.2.3"
when = "2023-12-04"
user-id = 6743
user-login = "epage"
user-name = "Ed Page"

[[publisher.anstyle-query]]
version = "1.0.2"
when = "2023-12-08"
user-id = 6743
user-login = "epage"
user-name = "Ed Page"

[[publisher.anstyle-wincon]]
version = "3.0.2"
when = "2023-12-04"
user-id = 6743
user-login = "epage"
user-name = "Ed Page"

[[publisher.anyhow]]
version = "1.0.77"
when = "2023-12-26"
user-id = 3618
user-login = "dtolnay"
user-name = "David Tolnay"

[[publisher.async-trait]]
version = "0.1.75"
when = "2023-12-20"
user-id = 3618
user-login = "dtolnay"
user-name = "David Tolnay"

[[publisher.aws-config]]
version = "1.1.1"
when = "2023-12-14"
user-id = 160111
user-login = "aws-sdk-rust-ci"
user-name = "AWS SDK Rust Bot"

[[publisher.aws-credential-types]]
version = "1.1.1"
when = "2023-12-14"
user-id = 160111
user-login = "aws-sdk-rust-ci"
user-name = "AWS SDK Rust Bot"

[[publisher.aws-http]]
version = "0.60.1"
when = "2023-12-14"
user-id = 160111
user-login = "aws-sdk-rust-ci"
user-name = "AWS SDK Rust Bot"

[[publisher.aws-runtime]]
version = "1.1.1"
when = "2023-12-14"
user-id = 160111
user-login = "aws-sdk-rust-ci"
user-name = "AWS SDK Rust Bot"

[[publisher.aws-sdk-dynamodb]]
version = "1.9.0"
when = "2023-12-21"
user-id = 160111
user-login = "aws-sdk-rust-ci"
user-name = "AWS SDK Rust Bot"

[[publisher.aws-sdk-s3]]
version = "1.11.0"
when = "2023-12-22"
user-id = 160111
user-login = "aws-sdk-rust-ci"
user-name = "AWS SDK Rust Bot"

[[publisher.aws-sdk-sso]]
version = "1.9.0"
when = "2023-12-21"
user-id = 160111
user-login = "aws-sdk-rust-ci"
user-name = "AWS SDK Rust Bot"

[[publisher.aws-sdk-ssooidc]]
version = "1.9.0"
when = "2023-12-21"
user-id = 160111
user-login = "aws-sdk-rust-ci"
user-name = "AWS SDK Rust Bot"

[[publisher.aws-sdk-sts]]
version = "1.9.0"
when = "2023-12-21"
user-id = 160111
user-login = "aws-sdk-rust-ci"
user-name = "AWS SDK Rust Bot"

[[publisher.aws-sigv4]]
version = "1.1.1"
when = "2023-12-14"
user-id = 160111
user-login = "aws-sdk-rust-ci"
user-name = "AWS SDK Rust Bot"

[[publisher.aws-smithy-async]]
version = "1.1.1"
when = "2023-12-13"
user-id = 160111
user-login = "aws-sdk-rust-ci"
user-name = "AWS SDK Rust Bot"

[[publisher.aws-smithy-checksums]]
version = "0.60.1"
when = "2023-12-13"
user-id = 160111
user-login = "aws-sdk-rust-ci"
user-name = "AWS SDK Rust Bot"

[[publisher.aws-smithy-eventstream]]
version = "0.60.1"
when = "2023-12-13"
user-id = 160111
user-login = "aws-sdk-rust-ci"
user-name = "AWS SDK Rust Bot"

[[publisher.aws-smithy-http]]
version = "0.60.1"
when = "2023-12-13"
user-id = 160111
user-login = "aws-sdk-rust-ci"
user-name = "AWS SDK Rust Bot"

[[publisher.aws-smithy-json]]
version = "0.60.1"
when = "2023-12-13"
user-id = 160111
user-login = "aws-sdk-rust-ci"
user-name = "AWS SDK Rust Bot"

[[publisher.aws-smithy-query]]
version = "0.60.1"
when = "2023-12-13"
user-id = 160111
user-login = "aws-sdk-rust-ci"
user-name = "AWS SDK Rust Bot"

[[publisher.aws-smithy-runtime]]
version = "1.1.1"
when = "2023-12-13"
user-id = 160111
user-login = "aws-sdk-rust-ci"
user-name = "AWS SDK Rust Bot"

[[publisher.aws-smithy-runtime-api]]
version = "1.1.1"
when = "2023-12-13"
user-id = 160111
user-login = "aws-sdk-rust-ci"
user-name = "AWS SDK Rust Bot"

[[publisher.aws-smithy-types]]
version = "1.1.1"
when = "2023-12-13"
user-id = 160111
user-login = "aws-sdk-rust-ci"
user-name = "AWS SDK Rust Bot"

[[publisher.aws-smithy-xml]]
version = "0.60.1"
when = "2023-12-13"
user-id = 160111
user-login = "aws-sdk-rust-ci"
user-name = "AWS SDK Rust Bot"

[[publisher.aws-types]]
version = "1.1.1"
when = "2023-12-14"
user-id = 160111
user-login = "aws-sdk-rust-ci"
user-name = "AWS SDK Rust Bot"

[[publisher.bumpalo]]
version = "3.14.0"
when = "2023-09-14"
user-id = 696
user-login = "fitzgen"
user-name = "Nick Fitzgerald"

[[publisher.byteorder]]
version = "1.5.0"
when = "2023-10-06"
user-id = 189
user-login = "BurntSushi"
user-name = "Andrew Gallant"

[[publisher.clap]]
version = "4.4.11"
when = "2023-12-04"
user-id = 6743
user-login = "epage"
user-name = "Ed Page"

[[publisher.clap_builder]]
version = "4.4.11"
when = "2023-12-04"
user-id = 6743
user-login = "epage"
user-name = "Ed Page"

[[publisher.clap_lex]]
version = "0.6.0"
when = "2023-10-24"
user-id = 6743
user-login = "epage"
user-name = "Ed Page"

[[publisher.colorchoice]]
version = "1.0.0"
when = "2023-04-13"
user-id = 6743
user-login = "epage"
user-name = "Ed Page"

[[publisher.hashbrown]]
version = "0.12.3"
when = "2022-07-17"
user-id = 2915
user-login = "Amanieu"
user-name = "Amanieu d'Antras"

[[publisher.hashbrown]]
version = "0.14.3"
when = "2023-11-26"
user-id = 2915
user-login = "Amanieu"
user-name = "Amanieu d'Antras"

[[publisher.is-terminal]]
version = "0.4.9"
when = "2023-07-06"
user-id = 6825
user-login = "sunfishcode"
user-name = "Dan Gohman"

[[publisher.itoa]]
version = "1.0.10"
when = "2023-12-09"
user-id = 3618
user-login = "dtolnay"
user-name = "David Tolnay"

[[publisher.js-sys]]
version = "0.3.66"
when = "2023-11-27"
user-id = 1
user-login = "alexcrichton"
user-name = "Alex Crichton"

[[publisher.linux-raw-sys]]
version = "0.4.12"
when = "2023-11-30"
user-id = 6825
user-login = "sunfishcode"
user-name = "Dan Gohman"

[[publisher.memchr]]
version = "2.6.4"
when = "2023-10-01"
user-id = 189
user-login = "BurntSushi"
user-name = "Andrew Gallant"

[[publisher.paste]]
version = "1.0.14"
when = "2023-07-15"
user-id = 3618
user-login = "dtolnay"
user-name = "David Tolnay"

[[publisher.proc-macro2]]
version = "1.0.71"
when = "2023-12-21"
user-id = 3618
user-login = "dtolnay"
user-name = "David Tolnay"

[[publisher.quote]]
version = "1.0.33"
when = "2023-08-17"
user-id = 3618
user-login = "dtolnay"
user-name = "David Tolnay"

[[publisher.regex]]
version = "1.10.2"
when = "2023-10-16"
user-id = 189
user-login = "BurntSushi"
user-name = "Andrew Gallant"

[[publisher.regex-automata]]
version = "0.1.10"
when = "2021-06-01"
user-id = 189
user-login = "BurntSushi"
user-name = "Andrew Gallant"

[[publisher.regex-automata]]
version = "0.4.3"
when = "2023-10-16"
user-id = 189
user-login = "BurntSushi"
user-name = "Andrew Gallant"

[[publisher.regex-lite]]
version = "0.1.5"
when = "2023-10-15"
user-id = 189
user-login = "BurntSushi"
user-name = "Andrew Gallant"

[[publisher.regex-syntax]]
version = "0.6.29"
when = "2023-03-21"
user-id = 189
user-login = "BurntSushi"
user-name = "Andrew Gallant"

[[publisher.regex-syntax]]
version = "0.8.2"
when = "2023-10-14"
user-id = 189
user-login = "BurntSushi"
user-name = "Andrew Gallant"

[[publisher.rustix]]
version = "0.38.28"
when = "2023-12-09"
user-id = 6825
user-login = "sunfishcode"
user-name = "Dan Gohman"

[[publisher.ryu]]
version = "1.0.16"
when = "2023-12-09"
user-id = 3618
user-login = "dtolnay"
user-name = "David Tolnay"

[[publisher.same-file]]
version = "1.0.6"
when = "2020-01-11"
user-id = 189
user-login = "BurntSushi"
user-name = "Andrew Gallant"

[[publisher.serde]]
version = "1.0.193"
when = "2023-11-21"
user-id = 3618
user-login = "dtolnay"
user-name = "David Tolnay"

[[publisher.serde_bytes]]
version = "0.11.13"
when = "2023-12-27"
user-id = 3618
user-login = "dtolnay"
user-name = "David Tolnay"

[[publisher.serde_derive]]
version = "1.0.193"
when = "2023-11-21"
user-id = 3618
user-login = "dtolnay"
user-name = "David Tolnay"

[[publisher.serde_json]]
version = "1.0.108"
when = "2023-10-30"
user-id = 3618
user-login = "dtolnay"
user-name = "David Tolnay"

[[publisher.syn]]
version = "1.0.109"
when = "2023-02-24"
user-id = 3618
user-login = "dtolnay"
user-name = "David Tolnay"

[[publisher.syn]]
version = "2.0.43"
when = "2023-12-25"
user-id = 3618
user-login = "dtolnay"
user-name = "David Tolnay"

[[publisher.thiserror]]
version = "1.0.52"
when = "2023-12-25"
user-id = 3618
user-login = "dtolnay"
user-name = "David Tolnay"

[[publisher.thiserror-impl]]
version = "1.0.52"
when = "2023-12-25"
user-id = 3618
user-login = "dtolnay"
user-name = "David Tolnay"

[[publisher.unicode-ident]]
version = "1.0.12"
when = "2023-09-13"
user-id = 3618
user-login = "dtolnay"
user-name = "David Tolnay"

[[publisher.walkdir]]
version = "2.4.0"
when = "2023-09-05"
user-id = 189
user-login = "BurntSushi"
user-name = "Andrew Gallant"

[[publisher.wasm-bindgen]]
version = "0.2.89"
when = "2023-11-27"
user-id = 1
user-login = "alexcrichton"
user-name = "Alex Crichton"

[[publisher.wasm-bindgen-backend]]
version = "0.2.89"
when = "2023-11-27"
user-id = 1
user-login = "alexcrichton"
user-name = "Alex Crichton"

[[publisher.wasm-bindgen-macro]]
version = "0.2.89"
when = "2023-11-27"
user-id = 1
user-login = "alexcrichton"
user-name = "Alex Crichton"

[[publisher.wasm-bindgen-macro-support]]
version = "0.2.89"
when = "2023-11-27"
user-id = 1
user-login = "alexcrichton"
user-name = "Alex Crichton"

[[publisher.web-sys]]
version = "0.3.66"
when = "2023-11-28"
user-id = 1
user-login = "alexcrichton"
user-name = "Alex Crichton"

[[publisher.winapi-util]]
version = "0.1.6"
when = "2023-09-20"
user-id = 189
user-login = "BurntSushi"
user-name = "Andrew Gallant"

[[publisher.windows-core]]
version = "0.51.1"
when = "2023-08-17"
user-id = 64539
user-login = "kennykerr"
user-name = "Kenny Kerr"

[[publisher.windows-sys]]
version = "0.48.0"
when = "2023-03-31"
user-id = 64539
user-login = "kennykerr"
user-name = "Kenny Kerr"

[[publisher.windows-sys]]
version = "0.52.0"
when = "2023-11-15"
user-id = 64539
user-login = "kennykerr"
user-name = "Kenny Kerr"

[[publisher.windows-targets]]
version = "0.48.5"
when = "2023-08-18"
user-id = 64539
user-login = "kennykerr"
user-name = "Kenny Kerr"

[[publisher.windows-targets]]
version = "0.52.0"
when = "2023-11-15"
user-id = 64539
user-login = "kennykerr"
user-name = "Kenny Kerr"

[[publisher.windows_aarch64_gnullvm]]
version = "0.48.5"
when = "2023-08-18"
user-id = 64539
user-login = "kennykerr"
user-name = "Kenny Kerr"

[[publisher.windows_aarch64_gnullvm]]
version = "0.52.0"
when = "2023-11-15"
user-id = 64539
user-login = "kennykerr"
user-name = "Kenny Kerr"

[[publisher.windows_aarch64_msvc]]
version = "0.48.5"
when = "2023-08-18"
user-id = 64539
user-login = "kennykerr"
user-name = "Kenny Kerr"

[[publisher.windows_aarch64_msvc]]
version = "0.52.0"
when = "2023-11-15"
user-id = 64539
user-login = "kennykerr"
user-name = "Kenny Kerr"

[[publisher.windows_i686_gnu]]
version = "0.48.5"
when = "2023-08-18"
user-id = 64539
user-login = "kennykerr"
user-name = "Kenny Kerr"

[[publisher.windows_i686_gnu]]
version = "0.52.0"
when = "2023-11-15"
user-id = 64539
user-login = "kennykerr"
user-name = "Kenny Kerr"

[[publisher.windows_i686_msvc]]
version = "0.48.5"
when = "2023-08-18"
user-id = 64539
user-login = "kennykerr"
user-name = "Kenny Kerr"

[[publisher.windows_i686_msvc]]
version = "0.52.0"
when = "2023-11-15"
user-id = 64539
user-login = "kennykerr"
user-name = "Kenny Kerr"

[[publisher.windows_x86_64_gnu]]
version = "0.48.5"
when = "2023-08-18"
user-id = 64539
user-login = "kennykerr"
user-name = "Kenny Kerr"

[[publisher.windows_x86_64_gnu]]
version = "0.52.0"
when = "2023-11-15"
user-id = 64539
user-login = "kennykerr"
user-name = "Kenny Kerr"

[[publisher.windows_x86_64_gnullvm]]
version = "0.48.5"
when = "2023-08-18"
user-id = 64539
user-login = "kennykerr"
user-name = "Kenny Kerr"

[[publisher.windows_x86_64_gnullvm]]
version = "0.52.0"
when = "2023-11-15"
user-id = 64539
user-login = "kennykerr"
user-name = "Kenny Kerr"

[[publisher.windows_x86_64_msvc]]
version = "0.48.5"
when = "2023-08-18"
user-id = 64539
user-login = "kennykerr"
user-name = "Kenny Kerr"

[[publisher.windows_x86_64_msvc]]
version = "0.52.0"
when = "2023-11-15"
user-id = 64539
user-login = "kennykerr"
user-name = "Kenny Kerr"

[[audits.bytecode-alliance.wildcard-audits.bumpalo]]
who = "Nick Fitzgerald <fitzgen@gmail.com>"
criteria = "safe-to-deploy"
user-id = 696 # Nick Fitzgerald (fitzgen)
start = "2019-03-16"
end = "2024-03-10"

[[audits.bytecode-alliance.audits.adler]]
who = "Alex Crichton <alex@alexcrichton.com>"
criteria = "safe-to-deploy"
version = "1.0.2"
notes = "This is a small crate which forbids unsafe code and is a straightforward implementation of the adler hashing algorithm."

[[audits.bytecode-alliance.audits.anes]]
who = "Pat Hickey <phickey@fastly.com>"
criteria = "safe-to-deploy"
version = "0.1.6"
notes = "Contains no unsafe code, no IO, no build.rs."

[[audits.bytecode-alliance.audits.arrayref]]
who = "Nick Fitzgerald <fitzgen@gmail.com>"
criteria = "safe-to-deploy"
version = "0.3.6"
notes = """
Unsafe code, but its logic looks good to me. Necessary given what it is
doing. Well tested, has quickchecks.
"""

[[audits.bytecode-alliance.audits.base64]]
who = "Pat Hickey <phickey@fastly.com>"
criteria = "safe-to-deploy"
version = "0.21.0"
notes = "This crate has no dependencies, no build.rs, and contains no unsafe code."

[[audits.bytecode-alliance.audits.cfg-if]]
who = "Alex Crichton <alex@alexcrichton.com>"
criteria = "safe-to-deploy"
version = "1.0.0"
notes = "I am the author of this crate."

[[audits.bytecode-alliance.audits.constant_time_eq]]
who = "Nick Fitzgerald <fitzgen@gmail.com>"
criteria = "safe-to-deploy"
version = "0.2.4"
notes = "A few tiny blocks of `unsafe` but each of them is very obviously correct."

[[audits.bytecode-alliance.audits.crypto-common]]
who = "Benjamin Bouvier <public@benj.me>"
criteria = "safe-to-deploy"
version = "0.1.3"

[[audits.bytecode-alliance.audits.errno]]
who = "Dan Gohman <dev@sunfishcode.online>"
criteria = "safe-to-deploy"
version = "0.3.0"
notes = "This crate uses libc and windows-sys APIs to get and set the raw OS error value."

[[audits.bytecode-alliance.audits.errno]]
who = "Dan Gohman <dev@sunfishcode.online>"
criteria = "safe-to-deploy"
delta = "0.3.0 -> 0.3.1"
notes = "Just a dependency version bump and a bug fix for redox"

[[audits.bytecode-alliance.audits.fastrand]]
who = "Alex Crichton <alex@alexcrichton.com>"
criteria = "safe-to-deploy"
delta = "2.0.0 -> 2.0.1"
notes = """
This update had a few doc updates but no otherwise-substantial source code
updates.
"""

[[audits.bytecode-alliance.audits.matchers]]
who = "Pat Hickey <phickey@fastly.com>"
criteria = "safe-to-deploy"
version = "0.1.0"

[[audits.bytecode-alliance.audits.miniz_oxide]]
who = "Alex Crichton <alex@alexcrichton.com>"
criteria = "safe-to-deploy"
version = "0.7.1"
notes = """
This crate is a Rust implementation of zlib compression/decompression and has
been used by default by the Rust standard library for quite some time. It's also
a default dependency of the popular `backtrace` crate for decompressing debug
information. This crate forbids unsafe code and does not otherwise access system
resources. It's originally a port of the `miniz.c` library as well, and given
its own longevity should be relatively hardened against some of the more common
compression-related issues.
"""

[[audits.bytecode-alliance.audits.nu-ansi-term]]
who = "Pat Hickey <phickey@fastly.com>"
criteria = "safe-to-deploy"
version = "0.46.0"
notes = "one use of unsafe to call windows specific api to get console handle."

[[audits.bytecode-alliance.audits.openssl-probe]]
who = "Pat Hickey <phickey@fastly.com>"
criteria = "safe-to-deploy"
version = "0.1.5"
notes = "IO is only checking for the existence of paths in the filesystem"

[[audits.bytecode-alliance.audits.overload]]
who = "Pat Hickey <phickey@fastly.com>"
criteria = "safe-to-deploy"
version = "0.1.1"
notes = "small crate, only defines macro-rules!, nicely documented as well"

[[audits.bytecode-alliance.audits.pin-utils]]
who = "Pat Hickey <phickey@fastly.com>"
criteria = "safe-to-deploy"
version = "0.1.0"

[[audits.bytecode-alliance.audits.rustc-demangle]]
who = "Alex Crichton <alex@alexcrichton.com>"
criteria = "safe-to-deploy"
version = "0.1.21"
notes = "I am the author of this crate."

[[audits.bytecode-alliance.audits.semver]]
who = "Pat Hickey <phickey@fastly.com>"
criteria = "safe-to-deploy"
version = "1.0.17"
notes = "plenty of unsafe pointer and vec tricks, but in well-structured and commented code that appears to be correct"

[[audits.bytecode-alliance.audits.sharded-slab]]
who = "Pat Hickey <phickey@fastly.com>"
criteria = "safe-to-deploy"
version = "0.1.4"
notes = "I always really enjoy reading eliza's code, she left perfect comments at every use of unsafe."

[[audits.bytecode-alliance.audits.signal-hook-registry]]
who = "Pat Hickey <phickey@fastly.com>"
criteria = "safe-to-deploy"
version = "1.4.1"

[[audits.bytecode-alliance.audits.thread_local]]
who = "Pat Hickey <phickey@fastly.com>"
criteria = "safe-to-deploy"
version = "1.1.4"
notes = "uses unsafe to implement thread local storage of objects"

[[audits.bytecode-alliance.audits.tinyvec]]
who = "Alex Crichton <alex@alexcrichton.com>"
criteria = "safe-to-deploy"
version = "1.6.0"
notes = """
This crate, while it implements collections, does so without `std::*` APIs and
without `unsafe`. Skimming the crate everything looks reasonable and what one
would expect from idiomatic safe collections in Rust.
"""

[[audits.bytecode-alliance.audits.tinyvec_macros]]
who = "Alex Crichton <alex@alexcrichton.com>"
criteria = "safe-to-deploy"
version = "0.1.0"
notes = """
This is a trivial crate which only contains a singular macro definition which is
intended to multiplex across the internal representation of a tinyvec,
presumably. This trivially doesn't contain anything bad.
"""

[[audits.bytecode-alliance.audits.tracing-subscriber]]
who = "Pat Hickey <phickey@fastly.com>"
criteria = "safe-to-deploy"
version = "0.3.17"

[[audits.bytecode-alliance.audits.try-lock]]
who = "Pat Hickey <phickey@fastly.com>"
criteria = "safe-to-deploy"
version = "0.2.4"
notes = "Implements a concurrency primitive with atomics, and is not obviously incorrect"

[[audits.bytecode-alliance.audits.want]]
who = "Pat Hickey <phickey@fastly.com>"
criteria = "safe-to-deploy"
version = "0.3.0"

[[audits.google.audits.async-stream]]
who = "Tyler Mandry <tmandry@google.com>"
criteria = "safe-to-deploy"
version = "0.3.4"
notes = "Reviewed on https://fxrev.dev/761470"
aggregated-from = "https://fuchsia.googlesource.com/fuchsia/+/refs/heads/main/third_party/rust_crates/supply-chain/audits.toml?format=TEXT"

[[audits.google.audits.async-stream]]
who = "David Koloski <dkoloski@google.com>"
criteria = "safe-to-deploy"
delta = "0.3.4 -> 0.3.5"
notes = "Reviewed on https://fxrev.dev/906795"
aggregated-from = "https://fuchsia.googlesource.com/fuchsia/+/refs/heads/main/third_party/rust_crates/supply-chain/audits.toml?format=TEXT"

[[audits.google.audits.async-stream-impl]]
who = "Tyler Mandry <tmandry@google.com>"
criteria = "safe-to-deploy"
version = "0.3.4"
notes = "Reviewed on https://fxrev.dev/761470"
aggregated-from = "https://fuchsia.googlesource.com/fuchsia/+/refs/heads/main/third_party/rust_crates/supply-chain/audits.toml?format=TEXT"

[[audits.google.audits.async-stream-impl]]
who = "David Koloski <dkoloski@google.com>"
criteria = "safe-to-deploy"
delta = "0.3.4 -> 0.3.5"
notes = "Reviewed on https://fxrev.dev/906795"
aggregated-from = "https://fuchsia.googlesource.com/fuchsia/+/refs/heads/main/third_party/rust_crates/supply-chain/audits.toml?format=TEXT"

[[audits.google.audits.crossbeam-deque]]
who = "George Burgess IV <gbiv@google.com>"
criteria = "safe-to-run"
version = "0.8.3"
aggregated-from = "https://chromium.googlesource.com/chromiumos/third_party/rust_crates/+/refs/heads/main/cargo-vet/audits.toml?format=TEXT"

[[audits.google.audits.fastrand]]
who = "George Burgess IV <gbiv@google.com>"
criteria = "safe-to-deploy"
version = "1.9.0"
notes = """
`does-not-implement-crypto` is certified because this crate explicitly says
that the RNG here is not cryptographically secure.
"""
aggregated-from = "https://chromium.googlesource.com/chromiumos/third_party/rust_crates/+/refs/heads/main/cargo-vet/audits.toml?format=TEXT"

[[audits.google.audits.httpdate]]
who = "George Burgess IV <gbiv@google.com>"
criteria = "safe-to-deploy"
version = "1.0.3"
aggregated-from = "https://chromium.googlesource.com/chromiumos/third_party/rust_crates/+/refs/heads/main/cargo-vet/audits.toml?format=TEXT"

[[audits.google.audits.itertools]]
who = "ChromeOS"
criteria = "safe-to-run"
version = "0.10.5"
aggregated-from = "https://chromium.googlesource.com/chromiumos/third_party/rust_crates/+/refs/heads/main/cargo-vet/audits.toml?format=TEXT"

[[audits.google.audits.pin-project-lite]]
who = "David Koloski <dkoloski@google.com>"
criteria = "safe-to-deploy"
version = "0.2.9"
notes = "Reviewed on https://fxrev.dev/824504"
aggregated-from = "https://fuchsia.googlesource.com/fuchsia/+/refs/heads/main/third_party/rust_crates/supply-chain/audits.toml?format=TEXT"

[[audits.google.audits.tokio-stream]]
who = "David Koloski <dkoloski@google.com>"
criteria = "safe-to-deploy"
version = "0.1.11"
notes = "Reviewed on https://fxrev.dev/804724"
aggregated-from = "https://fuchsia.googlesource.com/fuchsia/+/refs/heads/main/third_party/rust_crates/supply-chain/audits.toml?format=TEXT"

[[audits.google.audits.tokio-stream]]
who = "David Koloski <dkoloski@google.com>"
criteria = "safe-to-deploy"
delta = "0.1.11 -> 0.1.14"
notes = "Reviewed on https://fxrev.dev/907732."
aggregated-from = "https://fuchsia.googlesource.com/fuchsia/+/refs/heads/main/third_party/rust_crates/supply-chain/audits.toml?format=TEXT"

[[audits.google.audits.utf8parse]]
who = "David Koloski <dkoloski@google.com>"
criteria = "safe-to-deploy"
version = "0.2.1"
notes = "Reviewed on https://fxrev.dev/904811"
aggregated-from = "https://fuchsia.googlesource.com/fuchsia/+/refs/heads/main/third_party/rust_crates/supply-chain/audits.toml?format=TEXT"

[[audits.google.audits.version_check]]
who = "George Burgess IV <gbiv@google.com>"
criteria = "safe-to-deploy"
version = "0.9.4"
aggregated-from = "https://chromium.googlesource.com/chromiumos/third_party/rust_crates/+/refs/heads/main/cargo-vet/audits.toml?format=TEXT"

[[audits.isrg.audits.base64]]
who = "Tim Geoghegan <timg@letsencrypt.org>"
criteria = "safe-to-deploy"
delta = "0.21.0 -> 0.21.1"

[[audits.isrg.audits.base64]]
who = "Brandon Pitman <bran@bran.land>"
criteria = "safe-to-deploy"
delta = "0.21.1 -> 0.21.2"

[[audits.isrg.audits.base64]]
who = "David Cook <dcook@divviup.org>"
criteria = "safe-to-deploy"
delta = "0.21.2 -> 0.21.3"

[[audits.isrg.audits.hmac]]
who = "David Cook <dcook@divviup.org>"
criteria = "safe-to-deploy"
version = "0.12.1"

[[audits.isrg.audits.once_cell]]
who = "Brandon Pitman <bran@bran.land>"
criteria = "safe-to-deploy"
delta = "1.18.0 -> 1.19.0"

[[audits.isrg.audits.wasm-bindgen-shared]]
who = "David Cook <dcook@divviup.org>"
criteria = "safe-to-deploy"
version = "0.2.83"

[[audits.zcash.audits.arrayref]]
who = "Sean Bowe <ewillbefull@gmail.com>"
criteria = "safe-to-deploy"
delta = "0.3.6 -> 0.3.7"
aggregated-from = "https://raw.githubusercontent.com/zcash/zcash/master/qa/supply-chain/audits.toml"

[[audits.zcash.audits.base64]]
who = "Jack Grigg <jack@electriccoin.co>"
criteria = "safe-to-deploy"
delta = "0.21.3 -> 0.21.4"
aggregated-from = "https://raw.githubusercontent.com/zcash/zcash/master/qa/supply-chain/audits.toml"

[[audits.zcash.audits.base64]]
who = "Jack Grigg <jack@electriccoin.co>"
criteria = "safe-to-deploy"
delta = "0.21.4 -> 0.21.5"
aggregated-from = "https://raw.githubusercontent.com/zcash/zcash/master/qa/supply-chain/audits.toml"

[[audits.zcash.audits.constant_time_eq]]
who = "Jack Grigg <jack@electriccoin.co>"
criteria = "safe-to-deploy"
delta = "0.2.4 -> 0.2.5"
notes = "No code changes."
aggregated-from = "https://raw.githubusercontent.com/zcash/zcash/master/qa/supply-chain/audits.toml"

[[audits.zcash.audits.constant_time_eq]]
who = "Jack Grigg <jack@electriccoin.co>"
criteria = "safe-to-deploy"
delta = "0.2.5 -> 0.2.6"
aggregated-from = "https://raw.githubusercontent.com/zcash/zcash/master/qa/supply-chain/audits.toml"

[[audits.zcash.audits.constant_time_eq]]
who = "Jack Grigg <jack@electriccoin.co>"
criteria = "safe-to-deploy"
delta = "0.2.6 -> 0.3.0"
notes = "Replaces some `unsafe` code by bumping MSRV to 1.66 (to access `core::hint::black_box`)."
aggregated-from = "https://raw.githubusercontent.com/zcash/zcash/master/qa/supply-chain/audits.toml"

[[audits.zcash.audits.crossbeam-deque]]
who = "Jack Grigg <jack@electriccoin.co>"
criteria = "safe-to-deploy"
delta = "0.8.3 -> 0.8.4"
aggregated-from = "https://raw.githubusercontent.com/zcash/zcash/master/qa/supply-chain/audits.toml"

[[audits.zcash.audits.crypto-common]]
who = "Jack Grigg <jack@z.cash>"
criteria = "safe-to-deploy"
delta = "0.1.3 -> 0.1.6"
notes = "New trait and type alias look fine."
aggregated-from = "https://raw.githubusercontent.com/zcash/zcash/master/qa/supply-chain/audits.toml"

[[audits.zcash.audits.errno]]
who = "Jack Grigg <jack@electriccoin.co>"
criteria = "safe-to-deploy"
delta = "0.3.1 -> 0.3.3"
aggregated-from = "https://raw.githubusercontent.com/zcash/zcash/master/qa/supply-chain/audits.toml"

[[audits.zcash.audits.errno]]
who = "Jack Grigg <jack@electriccoin.co>"
criteria = "safe-to-deploy"
delta = "0.3.3 -> 0.3.8"
aggregated-from = "https://raw.githubusercontent.com/zcash/zcash/master/qa/supply-chain/audits.toml"

[[audits.zcash.audits.fastrand]]
who = "Jack Grigg <jack@electriccoin.co>"
criteria = "safe-to-deploy"
delta = "1.9.0 -> 2.0.0"
aggregated-from = "https://raw.githubusercontent.com/zcash/zcash/master/qa/supply-chain/audits.toml"

[[audits.zcash.audits.http-body]]
who = "Jack Grigg <jack@electriccoin.co>"
criteria = "safe-to-deploy"
delta = "0.4.5 -> 0.4.6"
aggregated-from = "https://raw.githubusercontent.com/zcash/zcash/master/qa/supply-chain/audits.toml"

[[audits.zcash.audits.hyper]]
who = "Jack Grigg <jack@electriccoin.co>"
criteria = "safe-to-deploy"
delta = "0.14.27 -> 0.14.28"
aggregated-from = "https://raw.githubusercontent.com/zcash/zcash/master/qa/supply-chain/audits.toml"

[[audits.zcash.audits.pin-project-lite]]
who = "Jack Grigg <jack@electriccoin.co>"
criteria = "safe-to-deploy"
delta = "0.2.9 -> 0.2.13"
aggregated-from = "https://raw.githubusercontent.com/zcash/zcash/master/qa/supply-chain/audits.toml"

[[audits.zcash.audits.rustc-demangle]]
who = "Sean Bowe <ewillbefull@gmail.com>"
criteria = "safe-to-deploy"
delta = "0.1.21 -> 0.1.22"
aggregated-from = "https://raw.githubusercontent.com/zcash/zcash/master/qa/supply-chain/audits.toml"

[[audits.zcash.audits.rustc-demangle]]
who = "Jack Grigg <jack@electriccoin.co>"
criteria = "safe-to-deploy"
delta = "0.1.22 -> 0.1.23"
aggregated-from = "https://raw.githubusercontent.com/zcash/zcash/master/qa/supply-chain/audits.toml"

[[audits.zcash.audits.rustc_version]]
who = "Jack Grigg <jack@electriccoin.co>"
criteria = "safe-to-deploy"
version = "0.4.0"
notes = """
Most of the crate is code to parse and validate the output of `rustc -vV`. The caller can
choose which `rustc` to use, or can use `rustc_version::{version, version_meta}` which will
try `$RUSTC` followed by `rustc`.

If an adversary can arbitrarily set the `$RUSTC` environment variable then this crate will
execute arbitrary code. But when this crate is used within a build script, `$RUSTC` should
be set correctly by `cargo`.
"""
aggregated-from = "https://raw.githubusercontent.com/zcash/zcash/master/qa/supply-chain/audits.toml"

[[audits.zcash.audits.semver]]
who = "Jack Grigg <jack@electriccoin.co>"
criteria = "safe-to-deploy"
delta = "1.0.17 -> 1.0.18"
aggregated-from = "https://raw.githubusercontent.com/zcash/zcash/master/qa/supply-chain/audits.toml"

[[audits.zcash.audits.semver]]
who = "Jack Grigg <jack@electriccoin.co>"
criteria = "safe-to-deploy"
delta = "1.0.18 -> 1.0.19"
aggregated-from = "https://raw.githubusercontent.com/zcash/zcash/master/qa/supply-chain/audits.toml"

[[audits.zcash.audits.semver]]
who = "Jack Grigg <jack@electriccoin.co>"
criteria = "safe-to-deploy"
delta = "1.0.19 -> 1.0.20"
aggregated-from = "https://raw.githubusercontent.com/zcash/zcash/master/qa/supply-chain/audits.toml"

[[audits.zcash.audits.sharded-slab]]
who = "Jack Grigg <jack@electriccoin.co>"
criteria = "safe-to-deploy"
delta = "0.1.4 -> 0.1.7"
notes = "Only change to an `unsafe` block is to fix a clippy lint."
aggregated-from = "https://raw.githubusercontent.com/zcash/zcash/master/qa/supply-chain/audits.toml"

[[audits.zcash.audits.thread_local]]
who = "Jack Grigg <jack@z.cash>"
criteria = "safe-to-deploy"
delta = "1.1.4 -> 1.1.7"
notes = """
New `unsafe` usage:
- An extra `deallocate_bucket`, to replace a `Mutex::lock` with a `compare_exchange`.
- Setting and getting a `#[thread_local] static mut Option<Thread>` on nightly.
"""
aggregated-from = "https://raw.githubusercontent.com/zcash/zcash/master/qa/supply-chain/audits.toml"

[[audits.zcash.audits.tinyvec_macros]]
who = "Jack Grigg <jack@z.cash>"
criteria = "safe-to-deploy"
delta = "0.1.0 -> 0.1.1"
notes = "Adds `#![forbid(unsafe_code)]` and license files."
aggregated-from = "https://raw.githubusercontent.com/zcash/zcash/master/qa/supply-chain/audits.toml"

[[audits.zcash.audits.tracing-subscriber]]
who = "Jack Grigg <jack@electriccoin.co>"
criteria = "safe-to-deploy"
delta = "0.3.17 -> 0.3.18"
aggregated-from = "https://raw.githubusercontent.com/zcash/zcash/master/qa/supply-chain/audits.toml"

[[audits.zcash.audits.try-lock]]
who = "Jack Grigg <jack@electriccoin.co>"
criteria = "safe-to-deploy"
delta = "0.2.4 -> 0.2.5"
notes = "Bumps MSRV to remove unsafe code block."
aggregated-from = "https://raw.githubusercontent.com/zcash/zcash/master/qa/supply-chain/audits.toml"

[[audits.zcash.audits.want]]
who = "Jack Grigg <jack@electriccoin.co>"
criteria = "safe-to-deploy"
delta = "0.3.0 -> 0.3.1"
notes = """
Migrates to `try-lock 0.2.4` to replace some unsafe APIs that were not marked
`unsafe` (but that were being used safely).
"""
aggregated-from = "https://raw.githubusercontent.com/zcash/zcash/master/qa/supply-chain/audits.toml"

[[audits.zcash.audits.wasm-bindgen-shared]]
who = "Jack Grigg <jack@z.cash>"
criteria = "safe-to-deploy"
delta = "0.2.83 -> 0.2.84"
notes = "Bumps the schema version to add `linked_modules`."
aggregated-from = "https://raw.githubusercontent.com/zcash/zcash/master/qa/supply-chain/audits.toml"

[[audits.zcash.audits.wasm-bindgen-shared]]
who = "Jack Grigg <jack@electriccoin.co>"
criteria = "safe-to-deploy"
delta = "0.2.84 -> 0.2.87"
aggregated-from = "https://raw.githubusercontent.com/zcash/zcash/master/qa/supply-chain/audits.toml"

[[audits.zcash.audits.wasm-bindgen-shared]]
who = "Jack Grigg <jack@electriccoin.co>"
criteria = "safe-to-deploy"
delta = "0.2.87 -> 0.2.89"
aggregated-from = "https://raw.githubusercontent.com/zcash/zcash/master/qa/supply-chain/audits.toml"
